
Microsoft Visual Studio Solution File, Format Version 12.00
# Visual Studio Version 16
VisualStudioVersion = 16.0.29519.181
MinimumVisualStudioVersion = 10.0.40219.1
Project("{9A19103F-16F7-4668-BE54-9A1E7A4F7556}") = "RoadStatus", "console-webapiclient\RoadStatus.csproj", "{686327A0-9973-4611-86F5-15C8A1419212}"
EndProject
Project("{2150E333-8FDC-42A3-9474-1A3956D46DE8}") = "_________DOCUMENTS__________________", "_________DOCUMENTS__________________", "{3559F5CF-0F1D-465F-AFE6-725B49FE3D56}"
	ProjectSection(SolutionItems) = preProject
		console-webapiclient\Developer coding challenge.docx = console-webapiclient\Developer coding challenge.docx
		console-webapiclient\_____________DOCUMENTS______________________\READ_ME.txt = console-webapiclient\_____________DOCUMENTS______________________\READ_ME.txt
		console-webapiclient\_____________DOCUMENTS______________________\README.md = console-webapiclient\_____________DOCUMENTS______________________\README.md
	EndProjectSection
EndProject
Global
	GlobalSection(SolutionConfigurationPlatforms) = preSolution
		Debug|Any CPU = Debug|Any CPU
		Release|Any CPU = Release|Any CPU
	EndGlobalSection
	GlobalSection(ProjectConfigurationPlatforms) = postSolution
		{686327A0-9973-4611-86F5-15C8A1419212}.Debug|Any CPU.ActiveCfg = Debug|Any CPU
		{686327A0-9973-4611-86F5-15C8A1419212}.Debug|Any CPU.Build.0 = Debug|Any CPU
		{686327A0-9973-4611-86F5-15C8A1419212}.Release|Any CPU.ActiveCfg = Release|Any CPU
		{686327A0-9973-4611-86F5-15C8A1419212}.Release|Any CPU.Build.0 = Release|Any CPU
	EndGlobalSection
	GlobalSection(SolutionProperties) = preSolution
		HideSolutionNode = FALSE
	EndGlobalSection
	GlobalSection(ExtensibilityGlobals) = postSolution
		SolutionGuid = {ABBBB854-8DD0-4FE8-ACD0-1F043D441C37}
	EndGlobalSection
EndGlobal
